
Microsoft Visual Studio Solution File, Format Version 12.00
# Visual Studio Version 16
VisualStudioVersion = 16.0.29924.181
MinimumVisualStudioVersion = 15.0.26124.0
Project("{9A19103F-16F7-4668-BE54-9A1E7A4F7556}") = "console", "Console\console.csproj", "{A59648B6-5A80-4EF1-B5A8-93BCDEE2F449}"
EndProject
Project("{FAE04EC0-301F-11D3-BF4B-00C04F79EFBC}") = "XUnitTestProject1", "tests\XUnitTestProject1\XUnitTestProject1.csproj", "{8009936A-2807-4026-A27D-D89999234B36}"
EndProject
Global
	GlobalSection(SolutionConfigurationPlatforms) = preSolution
		Debug|Any CPU = Debug|Any CPU
		Debug|x64 = Debug|x64
		Debug|x86 = Debug|x86
		Release|Any CPU = Release|Any CPU
		Release|x64 = Release|x64
		Release|x86 = Release|x86
	EndGlobalSection
	GlobalSection(ProjectConfigurationPlatforms) = postSolution
		{A59648B6-5A80-4EF1-B5A8-93BCDEE2F449}.Debug|Any CPU.ActiveCfg = Debug|Any CPU
		{A59648B6-5A80-4EF1-B5A8-93BCDEE2F449}.Debug|Any CPU.Build.0 = Debug|Any CPU
		{A59648B6-5A80-4EF1-B5A8-93BCDEE2F449}.Debug|x64.ActiveCfg = Debug|Any CPU
		{A59648B6-5A80-4EF1-B5A8-93BCDEE2F449}.Debug|x64.Build.0 = Debug|Any CPU
		{A59648B6-5A80-4EF1-B5A8-93BCDEE2F449}.Debug|x86.ActiveCfg = Debug|Any CPU
		{A59648B6-5A80-4EF1-B5A8-93BCDEE2F449}.Debug|x86.Build.0 = Debug|Any CPU
		{A59648B6-5A80-4EF1-B5A8-93BCDEE2F449}.Release|Any CPU.ActiveCfg = Release|Any CPU
		{A59648B6-5A80-4EF1-B5A8-93BCDEE2F449}.Release|Any CPU.Build.0 = Release|Any CPU
		{A59648B6-5A80-4EF1-B5A8-93BCDEE2F449}.Release|x64.ActiveCfg = Release|Any CPU
		{A59648B6-5A80-4EF1-B5A8-93BCDEE2F449}.Release|x64.Build.0 = Release|Any CPU
		{A59648B6-5A80-4EF1-B5A8-93BCDEE2F449}.Release|x86.ActiveCfg = Release|Any CPU
		{A59648B6-5A80-4EF1-B5A8-93BCDEE2F449}.Release|x86.Build.0 = Release|Any CPU
		{8009936A-2807-4026-A27D-D89999234B36}.Debug|Any CPU.ActiveCfg = Debug|Any CPU
		{8009936A-2807-4026-A27D-D89999234B36}.Debug|Any CPU.Build.0 = Debug|Any CPU
		{8009936A-2807-4026-A27D-D89999234B36}.Debug|x64.ActiveCfg = Debug|Any CPU
		{8009936A-2807-4026-A27D-D89999234B36}.Debug|x64.Build.0 = Debug|Any CPU
		{8009936A-2807-4026-A27D-D89999234B36}.Debug|x86.ActiveCfg = Debug|Any CPU
		{8009936A-2807-4026-A27D-D89999234B36}.Debug|x86.Build.0 = Debug|Any CPU
		{8009936A-2807-4026-A27D-D89999234B36}.Release|Any CPU.ActiveCfg = Release|Any CPU
		{8009936A-2807-4026-A27D-D89999234B36}.Release|Any CPU.Build.0 = Release|Any CPU
		{8009936A-2807-4026-A27D-D89999234B36}.Release|x64.ActiveCfg = Release|Any CPU
		{8009936A-2807-4026-A27D-D89999234B36}.Release|x64.Build.0 = Release|Any CPU
		{8009936A-2807-4026-A27D-D89999234B36}.Release|x86.ActiveCfg = Release|Any CPU
		{8009936A-2807-4026-A27D-D89999234B36}.Release|x86.Build.0 = Release|Any CPU
	EndGlobalSection
	GlobalSection(SolutionProperties) = preSolution
		HideSolutionNode = FALSE
	EndGlobalSection
	GlobalSection(ExtensibilityGlobals) = postSolution
		SolutionGuid = {4B8B72F8-C593-4B67-8186-05F4D854D904}
	EndGlobalSection
EndGlobal
